// !$*UTF8*$!
{
	archiveVersion = 1;
	classes = {
	};
	objectVersion = 60;
	objects = {

/* Begin PBXBuildFile section */
		D828A7592C450AE70098C2E3 /* SharpsellCore in Frameworks */ = {isa = PBXBuildFile; productRef = D828A7582C450AE70098C2E3 /* SharpsellCore */; };
		D839EC3C2CA07ACE00E9FE4F /* SharpsellCore in Frameworks */ = {isa = PBXBuildFile; productRef = D839EC3B2CA07ACE00E9FE4F /* SharpsellCore */; };
		D8608B0F27CD182800E36B26 /* CockpitViewController.swift in Sources */ = {isa = PBXBuildFile; fileRef = D8608AF527CD182800E36B26 /* CockpitViewController.swift */; };
		D8608B1027CD182800E36B26 /* CockpitModel.swift in Sources */ = {isa = PBXBuildFile; fileRef = D8608AF827CD182800E36B26 /* CockpitModel.swift */; };
		D8608B1127CD182800E36B26 /* CommonTableCell.swift in Sources */ = {isa = PBXBuildFile; fileRef = D8608AFC27CD182800E36B26 /* CommonTableCell.swift */; };
		D8608B1227CD182800E36B26 /* PresentationTableViewCell.xib in Resources */ = {isa = PBXBuildFile; fileRef = D8608AFE27CD182800E36B26 /* PresentationTableViewCell.xib */; };
		D8608B1427CD182800E36B26 /* Main.storyboard in Resources */ = {isa = PBXBuildFile; fileRef = D8608B0327CD182800E36B26 /* Main.storyboard */; };
		D8608B1527CD182800E36B26 /* ViewController.swift in Sources */ = {isa = PBXBuildFile; fileRef = D8608B0527CD182800E36B26 /* ViewController.swift */; };
		D8608B1727CD182800E36B26 /* LaunchScreen.storyboard in Resources */ = {isa = PBXBuildFile; fileRef = D8608B0A27CD182800E36B26 /* LaunchScreen.storyboard */; };
		D8608B1827CD182800E36B26 /* Assets.xcassets in Resources */ = {isa = PBXBuildFile; fileRef = D8608B0B27CD182800E36B26 /* Assets.xcassets */; };
		D8608B1927CD182800E36B26 /* AppDelegate.swift in Sources */ = {isa = PBXBuildFile; fileRef = D8608B0D27CD182800E36B26 /* AppDelegate.swift */; };
		D8608B1A27CD182800E36B26 /* SceneDelegate.swift in Sources */ = {isa = PBXBuildFile; fileRef = D8608B0E27CD182800E36B26 /* SceneDelegate.swift */; };
		D8710D4A2C1883D5008A763B /* SharpsellCore in Frameworks */ = {isa = PBXBuildFile; productRef = D8710D492C1883D5008A763B /* SharpsellCore */; };
		D8710D6B2C19751D008A763B /* SharpsellCore in Frameworks */ = {isa = PBXBuildFile; productRef = D8710D6A2C19751D008A763B /* SharpsellCore */; };
		D89A333B2B9EF1B100689007 /* GoogleService-Info.plist in Resources */ = {isa = PBXBuildFile; fileRef = D89A333A2B9EF1B000689007 /* GoogleService-Info.plist */; };
		D89A97392BA1801400910240 /* XCTest.framework in Embed Frameworks */ = {isa = PBXBuildFile; fileRef = D89A97362BA17FAD00910240 /* XCTest.framework */; settings = {ATTRIBUTES = (CodeSignOnCopy, RemoveHeadersOnCopy, ); }; };
		D8D24B862C107AAB009DD8FC /* SharpsellCore in Frameworks */ = {isa = PBXBuildFile; productRef = D8D24B852C107AAB009DD8FC /* SharpsellCore */; };
		D8D24B892C107B0F009DD8FC /* SharpsellCore in Frameworks */ = {isa = PBXBuildFile; productRef = D8D24B882C107B0F009DD8FC /* SharpsellCore */; };
		D8D329EC2C046B1D00495E83 /* FirebaseAnalytics in Frameworks */ = {isa = PBXBuildFile; productRef = D8D329EB2C046B1D00495E83 /* FirebaseAnalytics */; };
		D8D329EE2C046B1D00495E83 /* FirebaseAnalyticsOnDeviceConversion in Frameworks */ = {isa = PBXBuildFile; productRef = D8D329ED2C046B1D00495E83 /* FirebaseAnalyticsOnDeviceConversion */; };
		D8D329F02C046B1D00495E83 /* FirebaseAnalyticsSwift in Frameworks */ = {isa = PBXBuildFile; productRef = D8D329EF2C046B1D00495E83 /* FirebaseAnalyticsSwift */; };
		D8D329F22C046B1D00495E83 /* FirebaseAnalyticsWithoutAdIdSupport in Frameworks */ = {isa = PBXBuildFile; productRef = D8D329F12C046B1D00495E83 /* FirebaseAnalyticsWithoutAdIdSupport */; };
		D8D329F42C046B1D00495E83 /* FirebaseAppCheck in Frameworks */ = {isa = PBXBuildFile; productRef = D8D329F32C046B1D00495E83 /* FirebaseAppCheck */; };
		D8D329F62C046B1D00495E83 /* FirebaseAppDistribution-Beta in Frameworks */ = {isa = PBXBuildFile; productRef = D8D329F52C046B1D00495E83 /* FirebaseAppDistribution-Beta */; };
		D8D329F82C046B1D00495E83 /* FirebaseAuth in Frameworks */ = {isa = PBXBuildFile; productRef = D8D329F72C046B1D00495E83 /* FirebaseAuth */; };
		D8D329FA2C046B1D00495E83 /* FirebaseAuthCombine-Community in Frameworks */ = {isa = PBXBuildFile; productRef = D8D329F92C046B1D00495E83 /* FirebaseAuthCombine-Community */; };
		D8D329FC2C046B1D00495E83 /* FirebaseCrashlytics in Frameworks */ = {isa = PBXBuildFile; productRef = D8D329FB2C046B1D00495E83 /* FirebaseCrashlytics */; };
		D8D329FE2C046B1D00495E83 /* FirebaseDatabase in Frameworks */ = {isa = PBXBuildFile; productRef = D8D329FD2C046B1D00495E83 /* FirebaseDatabase */; };
		D8D32A002C046B1D00495E83 /* FirebaseDatabaseSwift in Frameworks */ = {isa = PBXBuildFile; productRef = D8D329FF2C046B1D00495E83 /* FirebaseDatabaseSwift */; };
		D8D32A022C046B1D00495E83 /* FirebaseDynamicLinks in Frameworks */ = {isa = PBXBuildFile; productRef = D8D32A012C046B1D00495E83 /* FirebaseDynamicLinks */; };
		D8D32A042C046B1D00495E83 /* FirebaseFirestore in Frameworks */ = {isa = PBXBuildFile; productRef = D8D32A032C046B1D00495E83 /* FirebaseFirestore */; };
		D8D32A062C046B1D00495E83 /* FirebaseFirestoreCombine-Community in Frameworks */ = {isa = PBXBuildFile; productRef = D8D32A052C046B1D00495E83 /* FirebaseFirestoreCombine-Community */; };
		D8D32A082C046B1D00495E83 /* FirebaseFirestoreSwift in Frameworks */ = {isa = PBXBuildFile; productRef = D8D32A072C046B1D00495E83 /* FirebaseFirestoreSwift */; };
		D8D32A0A2C046B1D00495E83 /* FirebaseFunctions in Frameworks */ = {isa = PBXBuildFile; productRef = D8D32A092C046B1D00495E83 /* FirebaseFunctions */; };
		D8D32A0C2C046B1D00495E83 /* FirebaseFunctionsCombine-Community in Frameworks */ = {isa = PBXBuildFile; productRef = D8D32A0B2C046B1D00495E83 /* FirebaseFunctionsCombine-Community */; };
		D8D32A0E2C046B1D00495E83 /* FirebaseInAppMessaging-Beta in Frameworks */ = {isa = PBXBuildFile; productRef = D8D32A0D2C046B1D00495E83 /* FirebaseInAppMessaging-Beta */; };
		D8D32A102C046B1D00495E83 /* FirebaseInAppMessagingSwift-Beta in Frameworks */ = {isa = PBXBuildFile; productRef = D8D32A0F2C046B1D00495E83 /* FirebaseInAppMessagingSwift-Beta */; };
		D8D32A122C046B1D00495E83 /* FirebaseInstallations in Frameworks */ = {isa = PBXBuildFile; productRef = D8D32A112C046B1D00495E83 /* FirebaseInstallations */; };
		D8D32A142C046B1D00495E83 /* FirebaseMLModelDownloader in Frameworks */ = {isa = PBXBuildFile; productRef = D8D32A132C046B1D00495E83 /* FirebaseMLModelDownloader */; };
		D8D32A162C046B1D00495E83 /* FirebaseMessaging in Frameworks */ = {isa = PBXBuildFile; productRef = D8D32A152C046B1D00495E83 /* FirebaseMessaging */; };
		D8D32A182C046B1D00495E83 /* FirebasePerformance in Frameworks */ = {isa = PBXBuildFile; productRef = D8D32A172C046B1D00495E83 /* FirebasePerformance */; };
		D8D32A1A2C046B1D00495E83 /* FirebaseRemoteConfig in Frameworks */ = {isa = PBXBuildFile; productRef = D8D32A192C046B1D00495E83 /* FirebaseRemoteConfig */; };
		D8D32A1C2C046B1D00495E83 /* FirebaseRemoteConfigSwift in Frameworks */ = {isa = PBXBuildFile; productRef = D8D32A1B2C046B1D00495E83 /* FirebaseRemoteConfigSwift */; };
		D8D32A1E2C046B1D00495E83 /* FirebaseStorage in Frameworks */ = {isa = PBXBuildFile; productRef = D8D32A1D2C046B1D00495E83 /* FirebaseStorage */; };
		D8D32A202C046B1D00495E83 /* FirebaseStorageCombine-Community in Frameworks */ = {isa = PBXBuildFile; productRef = D8D32A1F2C046B1D00495E83 /* FirebaseStorageCombine-Community */; };
		D8D32A222C046B1D00495E83 /* FirebaseVertexAI-Preview in Frameworks */ = {isa = PBXBuildFile; productRef = D8D32A212C046B1D00495E83 /* FirebaseVertexAI-Preview */; };
		D8E2A5472C1B41AB0045EA42 /* SharpsellCore in Frameworks */ = {isa = PBXBuildFile; productRef = D8E2A5462C1B41AB0045EA42 /* SharpsellCore */; };
		D8E2AF142CA6C9AB008E0D10 /* SharpsellCore in Frameworks */ = {isa = PBXBuildFile; productRef = D8E2AF132CA6C9AB008E0D10 /* SharpsellCore */; };
		D8E2AF182CA6C9B6008E0D10 /* FBLPromises.xcframework in Frameworks */ = {isa = PBXBuildFile; fileRef = D8E2AF152CA6C9B6008E0D10 /* FBLPromises.xcframework */; };
		D8E2AF192CA6C9B6008E0D10 /* FBLPromises.xcframework in Embed Frameworks */ = {isa = PBXBuildFile; fileRef = D8E2AF152CA6C9B6008E0D10 /* FBLPromises.xcframework */; settings = {ATTRIBUTES = (CodeSignOnCopy, RemoveHeadersOnCopy, ); }; };
		D8E2AF1A2CA6C9B6008E0D10 /* Flutter.xcframework in Frameworks */ = {isa = PBXBuildFile; fileRef = D8E2AF162CA6C9B6008E0D10 /* Flutter.xcframework */; };
		D8E2AF1B2CA6C9B6008E0D10 /* Flutter.xcframework in Embed Frameworks */ = {isa = PBXBuildFile; fileRef = D8E2AF162CA6C9B6008E0D10 /* Flutter.xcframework */; settings = {ATTRIBUTES = (CodeSignOnCopy, RemoveHeadersOnCopy, ); }; };
		D8E2AF1C2CA6C9B6008E0D10 /* App.xcframework in Frameworks */ = {isa = PBXBuildFile; fileRef = D8E2AF172CA6C9B6008E0D10 /* App.xcframework */; };
		D8E2AF1D2CA6C9B6008E0D10 /* App.xcframework in Embed Frameworks */ = {isa = PBXBuildFile; fileRef = D8E2AF172CA6C9B6008E0D10 /* App.xcframework */; settings = {ATTRIBUTES = (CodeSignOnCopy, RemoveHeadersOnCopy, ); }; };
		D8E2AF2B2CA6D4BA008E0D10 /* PresentationTableViewCell.swift in Sources */ = {isa = PBXBuildFile; fileRef = D8E2AF282CA6D4A7008E0D10 /* PresentationTableViewCell.swift */; };
		D8E2AF2E2CA6D541008E0D10 /* CustomURLTableViewCell.xib in Resources */ = {isa = PBXBuildFile; fileRef = D8E2AF2C2CA6D4D5008E0D10 /* CustomURLTableViewCell.xib */; };
		D8E2AF2F2CA6D543008E0D10 /* CustomURLTableViewCell.swift in Sources */ = {isa = PBXBuildFile; fileRef = D8E2AF2D2CA6D4D5008E0D10 /* CustomURLTableViewCell.swift */; };
		D8E2AF312CA6DFDA008E0D10 /* CustomRouteUrl.swift in Sources */ = {isa = PBXBuildFile; fileRef = D8E2AF302CA6DFDA008E0D10 /* CustomRouteUrl.swift */; };
/* End PBXBuildFile section */

/* Begin PBXCopyFilesBuildPhase section */
		D8167B252B87265400CC870B /* Embed Frameworks */ = {
			isa = PBXCopyFilesBuildPhase;
			buildActionMask = 2147483647;
			dstPath = "";
			dstSubfolderSpec = 10;
			files = (
				D8E2AF1B2CA6C9B6008E0D10 /* Flutter.xcframework in Embed Frameworks */,
				D8E2AF1D2CA6C9B6008E0D10 /* App.xcframework in Embed Frameworks */,
				D89A97392BA1801400910240 /* XCTest.framework in Embed Frameworks */,
				D8E2AF192CA6C9B6008E0D10 /* FBLPromises.xcframework in Embed Frameworks */,
			);
			name = "Embed Frameworks";
			runOnlyForDeploymentPostprocessing = 0;
		};
/* End PBXCopyFilesBuildPhase section */

/* Begin PBXFileReference section */
		D8608ADB27CD17D300E36B26 /* Sharpsell_Demo.app */ = {isa = PBXFileReference; explicitFileType = wrapper.application; includeInIndex = 0; path = Sharpsell_Demo.app; sourceTree = BUILT_PRODUCTS_DIR; };
		D8608AEC27CD17D400E36B26 /* Info.plist */ = {isa = PBXFileReference; lastKnownFileType = text.plist.xml; path = Info.plist; sourceTree = "<group>"; };
		D8608AF527CD182800E36B26 /* CockpitViewController.swift */ = {isa = PBXFileReference; fileEncoding = 4; lastKnownFileType = sourcecode.swift; path = CockpitViewController.swift; sourceTree = "<group>"; };
		D8608AF827CD182800E36B26 /* CockpitModel.swift */ = {isa = PBXFileReference; fileEncoding = 4; lastKnownFileType = sourcecode.swift; path = CockpitModel.swift; sourceTree = "<group>"; };
		D8608AFC27CD182800E36B26 /* CommonTableCell.swift */ = {isa = PBXFileReference; fileEncoding = 4; lastKnownFileType = sourcecode.swift; path = CommonTableCell.swift; sourceTree = "<group>"; };
		D8608AFE27CD182800E36B26 /* PresentationTableViewCell.xib */ = {isa = PBXFileReference; fileEncoding = 4; lastKnownFileType = file.xib; path = PresentationTableViewCell.xib; sourceTree = "<group>"; };
		D8608B0327CD182800E36B26 /* Main.storyboard */ = {isa = PBXFileReference; fileEncoding = 4; lastKnownFileType = file.storyboard; path = Main.storyboard; sourceTree = "<group>"; };
		D8608B0527CD182800E36B26 /* ViewController.swift */ = {isa = PBXFileReference; fileEncoding = 4; lastKnownFileType = sourcecode.swift; path = ViewController.swift; sourceTree = "<group>"; };
		D8608B0827CD182800E36B26 /* SharpsellCore_Demo.entitlements */ = {isa = PBXFileReference; fileEncoding = 4; lastKnownFileType = text.plist.entitlements; path = SharpsellCore_Demo.entitlements; sourceTree = "<group>"; };
		D8608B0A27CD182800E36B26 /* LaunchScreen.storyboard */ = {isa = PBXFileReference; fileEncoding = 4; lastKnownFileType = file.storyboard; path = LaunchScreen.storyboard; sourceTree = "<group>"; };
		D8608B0B27CD182800E36B26 /* Assets.xcassets */ = {isa = PBXFileReference; lastKnownFileType = folder.assetcatalog; path = Assets.xcassets; sourceTree = "<group>"; };
		D8608B0D27CD182800E36B26 /* AppDelegate.swift */ = {isa = PBXFileReference; fileEncoding = 4; lastKnownFileType = sourcecode.swift; path = AppDelegate.swift; sourceTree = "<group>"; };
		D8608B0E27CD182800E36B26 /* SceneDelegate.swift */ = {isa = PBXFileReference; fileEncoding = 4; lastKnownFileType = sourcecode.swift; path = SceneDelegate.swift; sourceTree = "<group>"; };
		D86B853228DD71FB00B0D612 /* Sharpsell_Demo.entitlements */ = {isa = PBXFileReference; lastKnownFileType = text.plist.entitlements; path = Sharpsell_Demo.entitlements; sourceTree = "<group>"; };
		D89A333A2B9EF1B000689007 /* GoogleService-Info.plist */ = {isa = PBXFileReference; fileEncoding = 4; lastKnownFileType = text.plist.xml; path = "GoogleService-Info.plist"; sourceTree = "<group>"; };
		D89A97362BA17FAD00910240 /* XCTest.framework */ = {isa = PBXFileReference; lastKnownFileType = wrapper.framework; name = XCTest.framework; path = Platforms/iPhoneOS.platform/Developer/Library/Frameworks/XCTest.framework; sourceTree = DEVELOPER_DIR; };
		D8E2AF152CA6C9B6008E0D10 /* FBLPromises.xcframework */ = {isa = PBXFileReference; lastKnownFileType = wrapper.xcframework; name = FBLPromises.xcframework; path = "../../sharp-sell/sdk/iOS/Frameworks/Local_Frameworks/Release/FBLPromises.xcframework"; sourceTree = "<group>"; };
		D8E2AF162CA6C9B6008E0D10 /* Flutter.xcframework */ = {isa = PBXFileReference; lastKnownFileType = wrapper.xcframework; name = Flutter.xcframework; path = "../../sharp-sell/sdk/iOS/Frameworks/Local_Frameworks/Release/Flutter.xcframework"; sourceTree = "<group>"; };
		D8E2AF172CA6C9B6008E0D10 /* App.xcframework */ = {isa = PBXFileReference; lastKnownFileType = wrapper.xcframework; name = App.xcframework; path = "../../sharp-sell/sdk/iOS/Frameworks/Local_Frameworks/Release/App.xcframework"; sourceTree = "<group>"; };
		D8E2AF282CA6D4A7008E0D10 /* PresentationTableViewCell.swift */ = {isa = PBXFileReference; lastKnownFileType = sourcecode.swift; path = PresentationTableViewCell.swift; sourceTree = "<group>"; };
		D8E2AF2C2CA6D4D5008E0D10 /* CustomURLTableViewCell.xib */ = {isa = PBXFileReference; lastKnownFileType = file.xib; path = CustomURLTableViewCell.xib; sourceTree = "<group>"; };
		D8E2AF2D2CA6D4D5008E0D10 /* CustomURLTableViewCell.swift */ = {isa = PBXFileReference; lastKnownFileType = sourcecode.swift; path = CustomURLTableViewCell.swift; sourceTree = "<group>"; };
		D8E2AF302CA6DFDA008E0D10 /* CustomRouteUrl.swift */ = {isa = PBXFileReference; lastKnownFileType = sourcecode.swift; path = CustomRouteUrl.swift; sourceTree = "<group>"; };
/* End PBXFileReference section */

/* Begin PBXFrameworksBuildPhase section */
		D8608AD827CD17D300E36B26 /* Frameworks */ = {
			isa = PBXFrameworksBuildPhase;
			buildActionMask = 2147483647;
			files = (
				D8D32A002C046B1D00495E83 /* FirebaseDatabaseSwift in Frameworks */,
				D8D32A182C046B1D00495E83 /* FirebasePerformance in Frameworks */,
				D8D24B862C107AAB009DD8FC /* SharpsellCore in Frameworks */,
				D8D32A1A2C046B1D00495E83 /* FirebaseRemoteConfig in Frameworks */,
				D8710D4A2C1883D5008A763B /* SharpsellCore in Frameworks */,
				D8D329EE2C046B1D00495E83 /* FirebaseAnalyticsOnDeviceConversion in Frameworks */,
				D8D32A122C046B1D00495E83 /* FirebaseInstallations in Frameworks */,
				D8D32A062C046B1D00495E83 /* FirebaseFirestoreCombine-Community in Frameworks */,
				D8D32A102C046B1D00495E83 /* FirebaseInAppMessagingSwift-Beta in Frameworks */,
				D8D32A142C046B1D00495E83 /* FirebaseMLModelDownloader in Frameworks */,
				D8710D6B2C19751D008A763B /* SharpsellCore in Frameworks */,
				D8D32A162C046B1D00495E83 /* FirebaseMessaging in Frameworks */,
				D8E2AF1A2CA6C9B6008E0D10 /* Flutter.xcframework in Frameworks */,
				D8E2AF142CA6C9AB008E0D10 /* SharpsellCore in Frameworks */,
				D8D32A082C046B1D00495E83 /* FirebaseFirestoreSwift in Frameworks */,
				D8D32A042C046B1D00495E83 /* FirebaseFirestore in Frameworks */,
				D8D32A0A2C046B1D00495E83 /* FirebaseFunctions in Frameworks */,
				D8D329F02C046B1D00495E83 /* FirebaseAnalyticsSwift in Frameworks */,
				D8D32A222C046B1D00495E83 /* FirebaseVertexAI-Preview in Frameworks */,
				D8D329EC2C046B1D00495E83 /* FirebaseAnalytics in Frameworks */,
				D8D24B892C107B0F009DD8FC /* SharpsellCore in Frameworks */,
				D8D329FA2C046B1D00495E83 /* FirebaseAuthCombine-Community in Frameworks */,
				D8D329F82C046B1D00495E83 /* FirebaseAuth in Frameworks */,
				D8D32A0C2C046B1D00495E83 /* FirebaseFunctionsCombine-Community in Frameworks */,
				D8D329FC2C046B1D00495E83 /* FirebaseCrashlytics in Frameworks */,
				D8D32A022C046B1D00495E83 /* FirebaseDynamicLinks in Frameworks */,
				D8E2AF1C2CA6C9B6008E0D10 /* App.xcframework in Frameworks */,
				D8E2AF182CA6C9B6008E0D10 /* FBLPromises.xcframework in Frameworks */,
				D8D32A1E2C046B1D00495E83 /* FirebaseStorage in Frameworks */,
				D8D32A0E2C046B1D00495E83 /* FirebaseInAppMessaging-Beta in Frameworks */,
				D828A7592C450AE70098C2E3 /* SharpsellCore in Frameworks */,
				D8D32A1C2C046B1D00495E83 /* FirebaseRemoteConfigSwift in Frameworks */,
				D8D329F62C046B1D00495E83 /* FirebaseAppDistribution-Beta in Frameworks */,
				D8E2A5472C1B41AB0045EA42 /* SharpsellCore in Frameworks */,
				D8D32A202C046B1D00495E83 /* FirebaseStorageCombine-Community in Frameworks */,
				D839EC3C2CA07ACE00E9FE4F /* SharpsellCore in Frameworks */,
				D8D329F42C046B1D00495E83 /* FirebaseAppCheck in Frameworks */,
				D8D329FE2C046B1D00495E83 /* FirebaseDatabase in Frameworks */,
				D8D329F22C046B1D00495E83 /* FirebaseAnalyticsWithoutAdIdSupport in Frameworks */,
			);
			runOnlyForDeploymentPostprocessing = 0;
		};
/* End PBXFrameworksBuildPhase section */

/* Begin PBXGroup section */
		D84C86E6293F013F00597B50 /* Packages */ = {
			isa = PBXGroup;
			children = (
			);
			name = Packages;
			sourceTree = "<group>";
		};
		D85037DB2890D9C60050FAD2 /* Sharpsell XC */ = {
			isa = PBXGroup;
			children = (
			);
			path = "Sharpsell XC";
			sourceTree = "<group>";
		};
		D8608AD227CD17D300E36B26 = {
			isa = PBXGroup;
			children = (
				D84C86E6293F013F00597B50 /* Packages */,
				D8608ADD27CD17D300E36B26 /* Sharpsell_Demo */,
				D8608ADC27CD17D300E36B26 /* Products */,
				D8608B1B27CD184A00E36B26 /* Frameworks */,
			);
			sourceTree = "<group>";
		};
		D8608ADC27CD17D300E36B26 /* Products */ = {
			isa = PBXGroup;
			children = (
				D8608ADB27CD17D300E36B26 /* Sharpsell_Demo.app */,
			);
			name = Products;
			sourceTree = "<group>";
		};
		D8608ADD27CD17D300E36B26 /* Sharpsell_Demo */ = {
			isa = PBXGroup;
			children = (
				D89A333A2B9EF1B000689007 /* GoogleService-Info.plist */,
				D86B853228DD71FB00B0D612 /* Sharpsell_Demo.entitlements */,
				D85037DB2890D9C60050FAD2 /* Sharpsell XC */,
				D8608B0C27CD182800E36B26 /* App Setup */,
				D8608B0B27CD182800E36B26 /* Assets.xcassets */,
				D8608AF227CD182800E36B26 /* Features */,
				D8608B0A27CD182800E36B26 /* LaunchScreen.storyboard */,
				D8608B0827CD182800E36B26 /* SharpsellCore_Demo.entitlements */,
				D8608AEC27CD17D400E36B26 /* Info.plist */,
			);
			path = Sharpsell_Demo;
			sourceTree = "<group>";
		};
		D8608AF227CD182800E36B26 /* Features */ = {
			isa = PBXGroup;
			children = (
				D8608AF327CD182800E36B26 /* Cockpit */,
				D8608B0027CD182800E36B26 /* Login */,
			);
			path = Features;
			sourceTree = "<group>";
		};
		D8608AF327CD182800E36B26 /* Cockpit */ = {
			isa = PBXGroup;
			children = (
				D8608AF427CD182800E36B26 /* Controller */,
				D8608AF627CD182800E36B26 /* Boards */,
				D8608AF727CD182800E36B26 /* Model */,
				D8608AF927CD182800E36B26 /* View */,
			);
			path = Cockpit;
			sourceTree = "<group>";
		};
		D8608AF427CD182800E36B26 /* Controller */ = {
			isa = PBXGroup;
			children = (
				D8608AF527CD182800E36B26 /* CockpitViewController.swift */,
			);
			path = Controller;
			sourceTree = "<group>";
		};
		D8608AF627CD182800E36B26 /* Boards */ = {
			isa = PBXGroup;
			children = (
			);
			path = Boards;
			sourceTree = "<group>";
		};
		D8608AF727CD182800E36B26 /* Model */ = {
			isa = PBXGroup;
			children = (
				D8608AF827CD182800E36B26 /* CockpitModel.swift */,
			);
			path = Model;
			sourceTree = "<group>";
		};
		D8608AF927CD182800E36B26 /* View */ = {
			isa = PBXGroup;
			children = (
				D8608AFA27CD182800E36B26 /* TableViewCells */,
			);
			path = View;
			sourceTree = "<group>";
		};
		D8608AFA27CD182800E36B26 /* TableViewCells */ = {
			isa = PBXGroup;
			children = (
				D8E2AF262CA6D4A7008E0D10 /* Custom URL */,
				D8608AFB27CD182800E36B26 /* CommonCell */,
				D8608AFD27CD182800E36B26 /* Presentation Cell */,
			);
			path = TableViewCells;
			sourceTree = "<group>";
		};
		D8608AFB27CD182800E36B26 /* CommonCell */ = {
			isa = PBXGroup;
			children = (
				D8608AFC27CD182800E36B26 /* CommonTableCell.swift */,
			);
			path = CommonCell;
			sourceTree = "<group>";
		};
		D8608AFD27CD182800E36B26 /* Presentation Cell */ = {
			isa = PBXGroup;
			children = (
				D8608AFE27CD182800E36B26 /* PresentationTableViewCell.xib */,
				D8E2AF282CA6D4A7008E0D10 /* PresentationTableViewCell.swift */,
			);
			path = "Presentation Cell";
			sourceTree = "<group>";
		};
		D8608B0027CD182800E36B26 /* Login */ = {
			isa = PBXGroup;
			children = (
				D8608B0127CD182800E36B26 /* ViewModel */,
				D8608B0227CD182800E36B26 /* Board */,
				D8608B0427CD182800E36B26 /* Controller */,
				D8608B0627CD182800E36B26 /* Model */,
				D8608B0727CD182800E36B26 /* View */,
			);
			path = Login;
			sourceTree = "<group>";
		};
		D8608B0127CD182800E36B26 /* ViewModel */ = {
			isa = PBXGroup;
			children = (
			);
			path = ViewModel;
			sourceTree = "<group>";
		};
		D8608B0227CD182800E36B26 /* Board */ = {
			isa = PBXGroup;
			children = (
				D8608B0327CD182800E36B26 /* Main.storyboard */,
			);
			path = Board;
			sourceTree = "<group>";
		};
		D8608B0427CD182800E36B26 /* Controller */ = {
			isa = PBXGroup;
			children = (
				D8608B0527CD182800E36B26 /* ViewController.swift */,
			);
			path = Controller;
			sourceTree = "<group>";
		};
		D8608B0627CD182800E36B26 /* Model */ = {
			isa = PBXGroup;
			children = (
			);
			path = Model;
			sourceTree = "<group>";
		};
		D8608B0727CD182800E36B26 /* View */ = {
			isa = PBXGroup;
			children = (
			);
			path = View;
			sourceTree = "<group>";
		};
		D8608B0C27CD182800E36B26 /* App Setup */ = {
			isa = PBXGroup;
			children = (
				D8608B0D27CD182800E36B26 /* AppDelegate.swift */,
				D8608B0E27CD182800E36B26 /* SceneDelegate.swift */,
			);
			path = "App Setup";
			sourceTree = "<group>";
		};
		D8608B1B27CD184A00E36B26 /* Frameworks */ = {
			isa = PBXGroup;
			children = (
				D8E2AF172CA6C9B6008E0D10 /* App.xcframework */,
				D8E2AF152CA6C9B6008E0D10 /* FBLPromises.xcframework */,
				D8E2AF162CA6C9B6008E0D10 /* Flutter.xcframework */,
				D89A97362BA17FAD00910240 /* XCTest.framework */,
			);
			name = Frameworks;
			sourceTree = "<group>";
		};
		D8E2AF262CA6D4A7008E0D10 /* Custom URL */ = {
			isa = PBXGroup;
			children = (
				D8E2AF2C2CA6D4D5008E0D10 /* CustomURLTableViewCell.xib */,
				D8E2AF2D2CA6D4D5008E0D10 /* CustomURLTableViewCell.swift */,
				D8E2AF302CA6DFDA008E0D10 /* CustomRouteUrl.swift */,
			);
			path = "Custom URL";
			sourceTree = "<group>";
		};
/* End PBXGroup section */

/* Begin PBXNativeTarget section */
		D8608ADA27CD17D300E36B26 /* Sharpsell_Demo */ = {
			isa = PBXNativeTarget;
			buildConfigurationList = D8608AEF27CD17D400E36B26 /* Build configuration list for PBXNativeTarget "Sharpsell_Demo" */;
			buildPhases = (
				D8608AD727CD17D300E36B26 /* Sources */,
				D8608AD827CD17D300E36B26 /* Frameworks */,
				D8608AD927CD17D300E36B26 /* Resources */,
				D8167B252B87265400CC870B /* Embed Frameworks */,
			);
			buildRules = (
			);
			dependencies = (
			);
			name = Sharpsell_Demo;
			packageProductDependencies = (
				D8D329EB2C046B1D00495E83 /* FirebaseAnalytics */,
				D8D329ED2C046B1D00495E83 /* FirebaseAnalyticsOnDeviceConversion */,
				D8D329EF2C046B1D00495E83 /* FirebaseAnalyticsSwift */,
				D8D329F12C046B1D00495E83 /* FirebaseAnalyticsWithoutAdIdSupport */,
				D8D329F32C046B1D00495E83 /* FirebaseAppCheck */,
				D8D329F52C046B1D00495E83 /* FirebaseAppDistribution-Beta */,
				D8D329F72C046B1D00495E83 /* FirebaseAuth */,
				D8D329F92C046B1D00495E83 /* FirebaseAuthCombine-Community */,
				D8D329FB2C046B1D00495E83 /* FirebaseCrashlytics */,
				D8D329FD2C046B1D00495E83 /* FirebaseDatabase */,
				D8D329FF2C046B1D00495E83 /* FirebaseDatabaseSwift */,
				D8D32A012C046B1D00495E83 /* FirebaseDynamicLinks */,
				D8D32A032C046B1D00495E83 /* FirebaseFirestore */,
				D8D32A052C046B1D00495E83 /* FirebaseFirestoreCombine-Community */,
				D8D32A072C046B1D00495E83 /* FirebaseFirestoreSwift */,
				D8D32A092C046B1D00495E83 /* FirebaseFunctions */,
				D8D32A0B2C046B1D00495E83 /* FirebaseFunctionsCombine-Community */,
				D8D32A0D2C046B1D00495E83 /* FirebaseInAppMessaging-Beta */,
				D8D32A0F2C046B1D00495E83 /* FirebaseInAppMessagingSwift-Beta */,
				D8D32A112C046B1D00495E83 /* FirebaseInstallations */,
				D8D32A132C046B1D00495E83 /* FirebaseMLModelDownloader */,
				D8D32A152C046B1D00495E83 /* FirebaseMessaging */,
				D8D32A172C046B1D00495E83 /* FirebasePerformance */,
				D8D32A192C046B1D00495E83 /* FirebaseRemoteConfig */,
				D8D32A1B2C046B1D00495E83 /* FirebaseRemoteConfigSwift */,
				D8D32A1D2C046B1D00495E83 /* FirebaseStorage */,
				D8D32A1F2C046B1D00495E83 /* FirebaseStorageCombine-Community */,
				D8D32A212C046B1D00495E83 /* FirebaseVertexAI-Preview */,
				D8D24B852C107AAB009DD8FC /* SharpsellCore */,
				D8D24B882C107B0F009DD8FC /* SharpsellCore */,
				D8710D492C1883D5008A763B /* SharpsellCore */,
				D8710D6A2C19751D008A763B /* SharpsellCore */,
				D8E2A5462C1B41AB0045EA42 /* SharpsellCore */,
				D828A7582C450AE70098C2E3 /* SharpsellCore */,
				D839EC3B2CA07ACE00E9FE4F /* SharpsellCore */,
				D8E2AF132CA6C9AB008E0D10 /* SharpsellCore */,
			);
			productName = Sharpsell_Demo;
			productReference = D8608ADB27CD17D300E36B26 /* Sharpsell_Demo.app */;
			productType = "com.apple.product-type.application";
		};
/* End PBXNativeTarget section */

/* Begin PBXProject section */
		D8608AD327CD17D300E36B26 /* Project object */ = {
			isa = PBXProject;
			attributes = {
				BuildIndependentTargetsInParallel = 1;
				LastSwiftUpdateCheck = 1320;
				LastUpgradeCheck = 1320;
				TargetAttributes = {
					D8608ADA27CD17D300E36B26 = {
						CreatedOnToolsVersion = 13.2.1;
					};
				};
			};
			buildConfigurationList = D8608AD627CD17D300E36B26 /* Build configuration list for PBXProject "Sharpsell_Demo" */;
			compatibilityVersion = "Xcode 13.0";
			developmentRegion = en;
			hasScannedForEncodings = 0;
			knownRegions = (
				en,
				Base,
			);
			mainGroup = D8608AD227CD17D300E36B26;
			packageReferences = (
				D8D329EA2C046B1D00495E83 /* XCRemoteSwiftPackageReference "firebase-ios-sdk" */,
				D8E2AF122CA6C9AB008E0D10 /* XCLocalSwiftPackageReference "../SwiftPackage/SharpsellCore" */,
			);
			productRefGroup = D8608ADC27CD17D300E36B26 /* Products */;
			projectDirPath = "";
			projectRoot = "";
			targets = (
				D8608ADA27CD17D300E36B26 /* Sharpsell_Demo */,
			);
		};
/* End PBXProject section */

/* Begin PBXResourcesBuildPhase section */
		D8608AD927CD17D300E36B26 /* Resources */ = {
			isa = PBXResourcesBuildPhase;
			buildActionMask = 2147483647;
			files = (
				D8608B1227CD182800E36B26 /* PresentationTableViewCell.xib in Resources */,
				D8608B1727CD182800E36B26 /* LaunchScreen.storyboard in Resources */,
				D8E2AF2E2CA6D541008E0D10 /* CustomURLTableViewCell.xib in Resources */,
				D89A333B2B9EF1B100689007 /* GoogleService-Info.plist in Resources */,
				D8608B1427CD182800E36B26 /* Main.storyboard in Resources */,
				D8608B1827CD182800E36B26 /* Assets.xcassets in Resources */,
			);
			runOnlyForDeploymentPostprocessing = 0;
		};
/* End PBXResourcesBuildPhase section */

/* Begin PBXSourcesBuildPhase section */
		D8608AD727CD17D300E36B26 /* Sources */ = {
			isa = PBXSourcesBuildPhase;
			buildActionMask = 2147483647;
			files = (
				D8E2AF2F2CA6D543008E0D10 /* CustomURLTableViewCell.swift in Sources */,
				D8608B1927CD182800E36B26 /* AppDelegate.swift in Sources */,
				D8E2AF2B2CA6D4BA008E0D10 /* PresentationTableViewCell.swift in Sources */,
				D8608B1A27CD182800E36B26 /* SceneDelegate.swift in Sources */,
				D8608B1527CD182800E36B26 /* ViewController.swift in Sources */,
				D8608B1127CD182800E36B26 /* CommonTableCell.swift in Sources */,
				D8608B0F27CD182800E36B26 /* CockpitViewController.swift in Sources */,
				D8E2AF312CA6DFDA008E0D10 /* CustomRouteUrl.swift in Sources */,
				D8608B1027CD182800E36B26 /* CockpitModel.swift in Sources */,
			);
			runOnlyForDeploymentPostprocessing = 0;
		};
/* End PBXSourcesBuildPhase section */

/* Begin XCBuildConfiguration section */
		D8608AED27CD17D400E36B26 /* Debug */ = {
			isa = XCBuildConfiguration;
			buildSettings = {
				ALWAYS_SEARCH_USER_PATHS = NO;
				CLANG_ANALYZER_NONNULL = YES;
				CLANG_ANALYZER_NUMBER_OBJECT_CONVERSION = YES_AGGRESSIVE;
				CLANG_CXX_LANGUAGE_STANDARD = "gnu++17";
				CLANG_CXX_LIBRARY = "libc++";
				CLANG_ENABLE_MODULES = YES;
				CLANG_ENABLE_OBJC_ARC = YES;
				CLANG_ENABLE_OBJC_WEAK = YES;
				CLANG_WARN_BLOCK_CAPTURE_AUTORELEASING = YES;
				CLANG_WARN_BOOL_CONVERSION = YES;
				CLANG_WARN_COMMA = YES;
				CLANG_WARN_CONSTANT_CONVERSION = YES;
				CLANG_WARN_DEPRECATED_OBJC_IMPLEMENTATIONS = YES;
				CLANG_WARN_DIRECT_OBJC_ISA_USAGE = YES_ERROR;
				CLANG_WARN_DOCUMENTATION_COMMENTS = YES;
				CLANG_WARN_EMPTY_BODY = YES;
				CLANG_WARN_ENUM_CONVERSION = YES;
				CLANG_WARN_INFINITE_RECURSION = YES;
				CLANG_WARN_INT_CONVERSION = YES;
				CLANG_WARN_NON_LITERAL_NULL_CONVERSION = YES;
				CLANG_WARN_OBJC_IMPLICIT_RETAIN_SELF = YES;
				CLANG_WARN_OBJC_LITERAL_CONVERSION = YES;
				CLANG_WARN_OBJC_ROOT_CLASS = YES_ERROR;
				CLANG_WARN_QUOTED_INCLUDE_IN_FRAMEWORK_HEADER = YES;
				CLANG_WARN_RANGE_LOOP_ANALYSIS = YES;
				CLANG_WARN_STRICT_PROTOTYPES = YES;
				CLANG_WARN_SUSPICIOUS_MOVE = YES;
				CLANG_WARN_UNGUARDED_AVAILABILITY = YES_AGGRESSIVE;
				CLANG_WARN_UNREACHABLE_CODE = YES;
				CLANG_WARN__DUPLICATE_METHOD_MATCH = YES;
				COPY_PHASE_STRIP = NO;
				DEBUG_INFORMATION_FORMAT = dwarf;
				ENABLE_BITCODE = NO;
				ENABLE_STRICT_OBJC_MSGSEND = YES;
				ENABLE_TESTABILITY = YES;
				GCC_C_LANGUAGE_STANDARD = gnu11;
				GCC_DYNAMIC_NO_PIC = NO;
				GCC_NO_COMMON_BLOCKS = YES;
				GCC_OPTIMIZATION_LEVEL = 0;
				GCC_PREPROCESSOR_DEFINITIONS = (
					"DEBUG=1",
					"$(inherited)",
				);
				GCC_WARN_64_TO_32_BIT_CONVERSION = YES;
				GCC_WARN_ABOUT_RETURN_TYPE = YES_ERROR;
				GCC_WARN_UNDECLARED_SELECTOR = YES;
				GCC_WARN_UNINITIALIZED_AUTOS = YES_AGGRESSIVE;
				GCC_WARN_UNUSED_FUNCTION = YES;
				GCC_WARN_UNUSED_VARIABLE = YES;
				IPHONEOS_DEPLOYMENT_TARGET = 15.2;
				MTL_ENABLE_DEBUG_INFO = INCLUDE_SOURCE;
				MTL_FAST_MATH = YES;
				ONLY_ACTIVE_ARCH = YES;
				SDKROOT = iphoneos;
				SWIFT_ACTIVE_COMPILATION_CONDITIONS = DEBUG;
				SWIFT_OPTIMIZATION_LEVEL = "-Onone";
			};
			name = Debug;
		};
		D8608AEE27CD17D400E36B26 /* Release */ = {
			isa = XCBuildConfiguration;
			buildSettings = {
				ALWAYS_SEARCH_USER_PATHS = NO;
				CLANG_ANALYZER_NONNULL = YES;
				CLANG_ANALYZER_NUMBER_OBJECT_CONVERSION = YES_AGGRESSIVE;
				CLANG_CXX_LANGUAGE_STANDARD = "gnu++17";
				CLANG_CXX_LIBRARY = "libc++";
				CLANG_ENABLE_MODULES = YES;
				CLANG_ENABLE_OBJC_ARC = YES;
				CLANG_ENABLE_OBJC_WEAK = YES;
				CLANG_WARN_BLOCK_CAPTURE_AUTORELEASING = YES;
				CLANG_WARN_BOOL_CONVERSION = YES;
				CLANG_WARN_COMMA = YES;
				CLANG_WARN_CONSTANT_CONVERSION = YES;
				CLANG_WARN_DEPRECATED_OBJC_IMPLEMENTATIONS = YES;
				CLANG_WARN_DIRECT_OBJC_ISA_USAGE = YES_ERROR;
				CLANG_WARN_DOCUMENTATION_COMMENTS = YES;
				CLANG_WARN_EMPTY_BODY = YES;
				CLANG_WARN_ENUM_CONVERSION = YES;
				CLANG_WARN_INFINITE_RECURSION = YES;
				CLANG_WARN_INT_CONVERSION = YES;
				CLANG_WARN_NON_LITERAL_NULL_CONVERSION = YES;
				CLANG_WARN_OBJC_IMPLICIT_RETAIN_SELF = YES;
				CLANG_WARN_OBJC_LITERAL_CONVERSION = YES;
				CLANG_WARN_OBJC_ROOT_CLASS = YES_ERROR;
				CLANG_WARN_QUOTED_INCLUDE_IN_FRAMEWORK_HEADER = YES;
				CLANG_WARN_RANGE_LOOP_ANALYSIS = YES;
				CLANG_WARN_STRICT_PROTOTYPES = YES;
				CLANG_WARN_SUSPICIOUS_MOVE = YES;
				CLANG_WARN_UNGUARDED_AVAILABILITY = YES_AGGRESSIVE;
				CLANG_WARN_UNREACHABLE_CODE = YES;
				CLANG_WARN__DUPLICATE_METHOD_MATCH = YES;
				COPY_PHASE_STRIP = NO;
				DEBUG_INFORMATION_FORMAT = "dwarf-with-dsym";
				ENABLE_BITCODE = NO;
				ENABLE_NS_ASSERTIONS = NO;
				ENABLE_STRICT_OBJC_MSGSEND = YES;
				ENABLE_TESTABILITY = YES;
				GCC_C_LANGUAGE_STANDARD = gnu11;
				GCC_NO_COMMON_BLOCKS = YES;
				GCC_WARN_64_TO_32_BIT_CONVERSION = YES;
				GCC_WARN_ABOUT_RETURN_TYPE = YES_ERROR;
				GCC_WARN_UNDECLARED_SELECTOR = YES;
				GCC_WARN_UNINITIALIZED_AUTOS = YES_AGGRESSIVE;
				GCC_WARN_UNUSED_FUNCTION = YES;
				GCC_WARN_UNUSED_VARIABLE = YES;
				IPHONEOS_DEPLOYMENT_TARGET = 15.2;
				MTL_ENABLE_DEBUG_INFO = NO;
				MTL_FAST_MATH = YES;
				SDKROOT = iphoneos;
				SWIFT_COMPILATION_MODE = wholemodule;
				SWIFT_OPTIMIZATION_LEVEL = "-O";
				VALIDATE_PRODUCT = YES;
			};
			name = Release;
		};
		D8608AF027CD17D400E36B26 /* Debug */ = {
			isa = XCBuildConfiguration;
			buildSettings = {
				ASSETCATALOG_COMPILER_APPICON_NAME = AppIcon;
				ASSETCATALOG_COMPILER_GLOBAL_ACCENT_COLOR_NAME = AccentColor;
				BUILD_LIBRARY_FOR_DISTRIBUTION = NO;
				CODE_SIGN_ENTITLEMENTS = Sharpsell_Demo/Sharpsell_Demo.entitlements;
				CODE_SIGN_STYLE = Automatic;
				CURRENT_PROJECT_VERSION = 1;
				DEVELOPMENT_ASSET_PATHS = "";
				DEVELOPMENT_TEAM = J8YRGNHWN4;
				ENABLE_BITCODE = NO;
				EXCLUDED_ARCHS = "";
				"EXCLUDED_ARCHS[sdk=iphonesimulator*]" = arm64;
				FRAMEWORK_SEARCH_PATHS = "$(PROJECT_DIR)/Frameworks";
				GENERATE_INFOPLIST_FILE = YES;
				INFOPLIST_FILE = Sharpsell_Demo/Info.plist;
				INFOPLIST_KEY_CFBundleDisplayName = "One SDK";
				INFOPLIST_KEY_LSApplicationCategoryType = "public.app-category.business";
				INFOPLIST_KEY_NSCameraUsageDescription = "We want permission to access your camera to set profile picture, set images in presentations, and record videos for Roleplay challenges.";
				INFOPLIST_KEY_NSContactsUsageDescription = "We want permission to access your contacts to fetch contacts";
				INFOPLIST_KEY_NSMicrophoneUsageDescription = "Microphone access is required to record videos for roleplay challenges.";
				INFOPLIST_KEY_NSPhotoLibraryUsageDescription = "We want permission to access your gallery to set profile picture and set images in presentations.";
				INFOPLIST_KEY_NSUserTrackingUsageDescription = "This information allows us to analyze crashes, analyze usage info from the app and helps to optimize the experience.";
				INFOPLIST_KEY_UIApplicationSupportsIndirectInputEvents = YES;
				INFOPLIST_KEY_UILaunchStoryboardName = LaunchScreen;
				INFOPLIST_KEY_UIMainStoryboardFile = Main;
				INFOPLIST_KEY_UIRequiresFullScreen = YES;
				INFOPLIST_KEY_UISupportedInterfaceOrientations = UIInterfaceOrientationPortrait;
				INFOPLIST_KEY_UISupportedInterfaceOrientations_iPhone = "UIInterfaceOrientationPortrait UIInterfaceOrientationLandscapeLeft UIInterfaceOrientationLandscapeRight";
				INFOPLIST_KEY_UIUserInterfaceStyle = Dark;
				IPHONEOS_DEPLOYMENT_TARGET = 13.0;
				LD_RUNPATH_SEARCH_PATHS = (
					"$(inherited)",
					"@executable_path/Frameworks",
				);
				MARKETING_VERSION = 3.23.0;
				ONLY_ACTIVE_ARCH = NO;
				PRODUCT_BUNDLE_IDENTIFIER = com.enparadigm.sharpsell.sdk;
				PRODUCT_NAME = "$(TARGET_NAME)";
				SWIFT_EMIT_LOC_STRINGS = YES;
				SWIFT_VERSION = 5.0;
				TARGETED_DEVICE_FAMILY = "1,2";
			};
			name = Debug;
		};
		D8608AF127CD17D400E36B26 /* Release */ = {
			isa = XCBuildConfiguration;
			buildSettings = {
				ASSETCATALOG_COMPILER_APPICON_NAME = AppIcon;
				ASSETCATALOG_COMPILER_GLOBAL_ACCENT_COLOR_NAME = AccentColor;
				BUILD_LIBRARY_FOR_DISTRIBUTION = NO;
				CODE_SIGN_ENTITLEMENTS = Sharpsell_Demo/Sharpsell_Demo.entitlements;
				CODE_SIGN_STYLE = Automatic;
				CURRENT_PROJECT_VERSION = 1;
				DEVELOPMENT_ASSET_PATHS = "";
				DEVELOPMENT_TEAM = J8YRGNHWN4;
				ENABLE_BITCODE = NO;
				EXCLUDED_ARCHS = "";
				FRAMEWORK_SEARCH_PATHS = "$(PROJECT_DIR)/Frameworks";
				GENERATE_INFOPLIST_FILE = YES;
				INFOPLIST_FILE = Sharpsell_Demo/Info.plist;
				INFOPLIST_KEY_CFBundleDisplayName = "One SDK";
				INFOPLIST_KEY_LSApplicationCategoryType = "public.app-category.business";
				INFOPLIST_KEY_NSCameraUsageDescription = "We want permission to access your camera to set profile picture, set images in presentations, and record videos for Roleplay challenges.";
				INFOPLIST_KEY_NSContactsUsageDescription = "We want permission to access your contacts to fetch contacts";
				INFOPLIST_KEY_NSMicrophoneUsageDescription = "Microphone access is required to record videos for roleplay challenges.";
				INFOPLIST_KEY_NSPhotoLibraryUsageDescription = "We want permission to access your gallery to set profile picture and set images in presentations.";
				INFOPLIST_KEY_NSUserTrackingUsageDescription = "This information allows us to analyze crashes, analyze usage info from the app and helps to optimize the experience.";
				INFOPLIST_KEY_UIApplicationSupportsIndirectInputEvents = YES;
				INFOPLIST_KEY_UILaunchStoryboardName = LaunchScreen;
				INFOPLIST_KEY_UIMainStoryboardFile = Main;
				INFOPLIST_KEY_UIRequiresFullScreen = YES;
				INFOPLIST_KEY_UISupportedInterfaceOrientations = UIInterfaceOrientationPortrait;
				INFOPLIST_KEY_UISupportedInterfaceOrientations_iPhone = "UIInterfaceOrientationPortrait UIInterfaceOrientationLandscapeLeft UIInterfaceOrientationLandscapeRight";
				INFOPLIST_KEY_UIUserInterfaceStyle = Dark;
				IPHONEOS_DEPLOYMENT_TARGET = 13.0;
				LD_RUNPATH_SEARCH_PATHS = (
					"$(inherited)",
					"@executable_path/Frameworks",
				);
				MARKETING_VERSION = 3.23.0;
				PRODUCT_BUNDLE_IDENTIFIER = com.enparadigm.sharpsell.sdk;
				PRODUCT_NAME = "$(TARGET_NAME)";
				SWIFT_EMIT_LOC_STRINGS = YES;
				SWIFT_VERSION = 5.0;
				TARGETED_DEVICE_FAMILY = "1,2";
			};
			name = Release;
		};
/* End XCBuildConfiguration section */

/* Begin XCConfigurationList section */
		D8608AD627CD17D300E36B26 /* Build configuration list for PBXProject "Sharpsell_Demo" */ = {
			isa = XCConfigurationList;
			buildConfigurations = (
				D8608AED27CD17D400E36B26 /* Debug */,
				D8608AEE27CD17D400E36B26 /* Release */,
			);
			defaultConfigurationIsVisible = 0;
			defaultConfigurationName = Release;
		};
		D8608AEF27CD17D400E36B26 /* Build configuration list for PBXNativeTarget "Sharpsell_Demo" */ = {
			isa = XCConfigurationList;
			buildConfigurations = (
				D8608AF027CD17D400E36B26 /* Debug */,
				D8608AF127CD17D400E36B26 /* Release */,
			);
			defaultConfigurationIsVisible = 0;
			defaultConfigurationName = Release;
		};
/* End XCConfigurationList section */

/* Begin XCLocalSwiftPackageReference section */
		D8E2AF122CA6C9AB008E0D10 /* XCLocalSwiftPackageReference "../SwiftPackage/SharpsellCore" */ = {
			isa = XCLocalSwiftPackageReference;
			relativePath = ../SwiftPackage/SharpsellCore;
		};
/* End XCLocalSwiftPackageReference section */

/* Begin XCRemoteSwiftPackageReference section */
		D8D329EA2C046B1D00495E83 /* XCRemoteSwiftPackageReference "firebase-ios-sdk" */ = {
			isa = XCRemoteSwiftPackageReference;
			repositoryURL = "https://github.com/firebase/firebase-ios-sdk.git";
			requirement = {
				kind = upToNextMajorVersion;
				minimumVersion = 10.26.0;
			};
		};
/* End XCRemoteSwiftPackageReference section */

/* Begin XCSwiftPackageProductDependency section */
		D828A7582C450AE70098C2E3 /* SharpsellCore */ = {
			isa = XCSwiftPackageProductDependency;
			productName = SharpsellCore;
		};
		D839EC3B2CA07ACE00E9FE4F /* SharpsellCore */ = {
			isa = XCSwiftPackageProductDependency;
			productName = SharpsellCore;
		};
		D8710D492C1883D5008A763B /* SharpsellCore */ = {
			isa = XCSwiftPackageProductDependency;
			productName = SharpsellCore;
		};
		D8710D6A2C19751D008A763B /* SharpsellCore */ = {
			isa = XCSwiftPackageProductDependency;
			productName = SharpsellCore;
		};
		D8D24B852C107AAB009DD8FC /* SharpsellCore */ = {
			isa = XCSwiftPackageProductDependency;
			productName = SharpsellCore;
		};
		D8D24B882C107B0F009DD8FC /* SharpsellCore */ = {
			isa = XCSwiftPackageProductDependency;
			productName = SharpsellCore;
		};
		D8D329EB2C046B1D00495E83 /* FirebaseAnalytics */ = {
			isa = XCSwiftPackageProductDependency;
			package = D8D329EA2C046B1D00495E83 /* XCRemoteSwiftPackageReference "firebase-ios-sdk" */;
			productName = FirebaseAnalytics;
		};
		D8D329ED2C046B1D00495E83 /* FirebaseAnalyticsOnDeviceConversion */ = {
			isa = XCSwiftPackageProductDependency;
			package = D8D329EA2C046B1D00495E83 /* XCRemoteSwiftPackageReference "firebase-ios-sdk" */;
			productName = FirebaseAnalyticsOnDeviceConversion;
		};
		D8D329EF2C046B1D00495E83 /* FirebaseAnalyticsSwift */ = {
			isa = XCSwiftPackageProductDependency;
			package = D8D329EA2C046B1D00495E83 /* XCRemoteSwiftPackageReference "firebase-ios-sdk" */;
			productName = FirebaseAnalyticsSwift;
		};
		D8D329F12C046B1D00495E83 /* FirebaseAnalyticsWithoutAdIdSupport */ = {
			isa = XCSwiftPackageProductDependency;
			package = D8D329EA2C046B1D00495E83 /* XCRemoteSwiftPackageReference "firebase-ios-sdk" */;
			productName = FirebaseAnalyticsWithoutAdIdSupport;
		};
		D8D329F32C046B1D00495E83 /* FirebaseAppCheck */ = {
			isa = XCSwiftPackageProductDependency;
			package = D8D329EA2C046B1D00495E83 /* XCRemoteSwiftPackageReference "firebase-ios-sdk" */;
			productName = FirebaseAppCheck;
		};
		D8D329F52C046B1D00495E83 /* FirebaseAppDistribution-Beta */ = {
			isa = XCSwiftPackageProductDependency;
			package = D8D329EA2C046B1D00495E83 /* XCRemoteSwiftPackageReference "firebase-ios-sdk" */;
			productName = "FirebaseAppDistribution-Beta";
		};
		D8D329F72C046B1D00495E83 /* FirebaseAuth */ = {
			isa = XCSwiftPackageProductDependency;
			package = D8D329EA2C046B1D00495E83 /* XCRemoteSwiftPackageReference "firebase-ios-sdk" */;
			productName = FirebaseAuth;
		};
		D8D329F92C046B1D00495E83 /* FirebaseAuthCombine-Community */ = {
			isa = XCSwiftPackageProductDependency;
			package = D8D329EA2C046B1D00495E83 /* XCRemoteSwiftPackageReference "firebase-ios-sdk" */;
			productName = "FirebaseAuthCombine-Community";
		};
		D8D329FB2C046B1D00495E83 /* FirebaseCrashlytics */ = {
			isa = XCSwiftPackageProductDependency;
			package = D8D329EA2C046B1D00495E83 /* XCRemoteSwiftPackageReference "firebase-ios-sdk" */;
			productName = FirebaseCrashlytics;
		};
		D8D329FD2C046B1D00495E83 /* FirebaseDatabase */ = {
			isa = XCSwiftPackageProductDependency;
			package = D8D329EA2C046B1D00495E83 /* XCRemoteSwiftPackageReference "firebase-ios-sdk" */;
			productName = FirebaseDatabase;
		};
		D8D329FF2C046B1D00495E83 /* FirebaseDatabaseSwift */ = {
			isa = XCSwiftPackageProductDependency;
			package = D8D329EA2C046B1D00495E83 /* XCRemoteSwiftPackageReference "firebase-ios-sdk" */;
			productName = FirebaseDatabaseSwift;
		};
		D8D32A012C046B1D00495E83 /* FirebaseDynamicLinks */ = {
			isa = XCSwiftPackageProductDependency;
			package = D8D329EA2C046B1D00495E83 /* XCRemoteSwiftPackageReference "firebase-ios-sdk" */;
			productName = FirebaseDynamicLinks;
		};
		D8D32A032C046B1D00495E83 /* FirebaseFirestore */ = {
			isa = XCSwiftPackageProductDependency;
			package = D8D329EA2C046B1D00495E83 /* XCRemoteSwiftPackageReference "firebase-ios-sdk" */;
			productName = FirebaseFirestore;
		};
		D8D32A052C046B1D00495E83 /* FirebaseFirestoreCombine-Community */ = {
			isa = XCSwiftPackageProductDependency;
			package = D8D329EA2C046B1D00495E83 /* XCRemoteSwiftPackageReference "firebase-ios-sdk" */;
			productName = "FirebaseFirestoreCombine-Community";
		};
		D8D32A072C046B1D00495E83 /* FirebaseFirestoreSwift */ = {
			isa = XCSwiftPackageProductDependency;
			package = D8D329EA2C046B1D00495E83 /* XCRemoteSwiftPackageReference "firebase-ios-sdk" */;
			productName = FirebaseFirestoreSwift;
		};
		D8D32A092C046B1D00495E83 /* FirebaseFunctions */ = {
			isa = XCSwiftPackageProductDependency;
			package = D8D329EA2C046B1D00495E83 /* XCRemoteSwiftPackageReference "firebase-ios-sdk" */;
			productName = FirebaseFunctions;
		};
		D8D32A0B2C046B1D00495E83 /* FirebaseFunctionsCombine-Community */ = {
			isa = XCSwiftPackageProductDependency;
			package = D8D329EA2C046B1D00495E83 /* XCRemoteSwiftPackageReference "firebase-ios-sdk" */;
			productName = "FirebaseFunctionsCombine-Community";
		};
		D8D32A0D2C046B1D00495E83 /* FirebaseInAppMessaging-Beta */ = {
			isa = XCSwiftPackageProductDependency;
			package = D8D329EA2C046B1D00495E83 /* XCRemoteSwiftPackageReference "firebase-ios-sdk" */;
			productName = "FirebaseInAppMessaging-Beta";
		};
		D8D32A0F2C046B1D00495E83 /* FirebaseInAppMessagingSwift-Beta */ = {
			isa = XCSwiftPackageProductDependency;
			package = D8D329EA2C046B1D00495E83 /* XCRemoteSwiftPackageReference "firebase-ios-sdk" */;
			productName = "FirebaseInAppMessagingSwift-Beta";
		};
		D8D32A112C046B1D00495E83 /* FirebaseInstallations */ = {
			isa = XCSwiftPackageProductDependency;
			package = D8D329EA2C046B1D00495E83 /* XCRemoteSwiftPackageReference "firebase-ios-sdk" */;
			productName = FirebaseInstallations;
		};
		D8D32A132C046B1D00495E83 /* FirebaseMLModelDownloader */ = {
			isa = XCSwiftPackageProductDependency;
			package = D8D329EA2C046B1D00495E83 /* XCRemoteSwiftPackageReference "firebase-ios-sdk" */;
			productName = FirebaseMLModelDownloader;
		};
		D8D32A152C046B1D00495E83 /* FirebaseMessaging */ = {
			isa = XCSwiftPackageProductDependency;
			package = D8D329EA2C046B1D00495E83 /* XCRemoteSwiftPackageReference "firebase-ios-sdk" */;
			productName = FirebaseMessaging;
		};
		D8D32A172C046B1D00495E83 /* FirebasePerformance */ = {
			isa = XCSwiftPackageProductDependency;
			package = D8D329EA2C046B1D00495E83 /* XCRemoteSwiftPackageReference "firebase-ios-sdk" */;
			productName = FirebasePerformance;
		};
		D8D32A192C046B1D00495E83 /* FirebaseRemoteConfig */ = {
			isa = XCSwiftPackageProductDependency;
			package = D8D329EA2C046B1D00495E83 /* XCRemoteSwiftPackageReference "firebase-ios-sdk" */;
			productName = FirebaseRemoteConfig;
		};
		D8D32A1B2C046B1D00495E83 /* FirebaseRemoteConfigSwift */ = {
			isa = XCSwiftPackageProductDependency;
			package = D8D329EA2C046B1D00495E83 /* XCRemoteSwiftPackageReference "firebase-ios-sdk" */;
			productName = FirebaseRemoteConfigSwift;
		};
		D8D32A1D2C046B1D00495E83 /* FirebaseStorage */ = {
			isa = XCSwiftPackageProductDependency;
			package = D8D329EA2C046B1D00495E83 /* XCRemoteSwiftPackageReference "firebase-ios-sdk" */;
			productName = FirebaseStorage;
		};
		D8D32A1F2C046B1D00495E83 /* FirebaseStorageCombine-Community */ = {
			isa = XCSwiftPackageProductDependency;
			package = D8D329EA2C046B1D00495E83 /* XCRemoteSwiftPackageReference "firebase-ios-sdk" */;
			productName = "FirebaseStorageCombine-Community";
		};
		D8D32A212C046B1D00495E83 /* FirebaseVertexAI-Preview */ = {
			isa = XCSwiftPackageProductDependency;
			package = D8D329EA2C046B1D00495E83 /* XCRemoteSwiftPackageReference "firebase-ios-sdk" */;
			productName = "FirebaseVertexAI-Preview";
		};
		D8E2A5462C1B41AB0045EA42 /* SharpsellCore */ = {
			isa = XCSwiftPackageProductDependency;
			productName = SharpsellCore;
		};
		D8E2AF132CA6C9AB008E0D10 /* SharpsellCore */ = {
			isa = XCSwiftPackageProductDependency;
			productName = SharpsellCore;
		};
/* End XCSwiftPackageProductDependency section */
	};
	rootObject = D8608AD327CD17D300E36B26 /* Project object */;
}
